// !$*UTF8*$!
{
	archiveVersion = 1;
	classes = {
	};
	objectVersion = 55;
	objects = {

/* Begin PBXBuildFile section */
		F442BD1327275F7600D45A58 /* AppDelegate.swift in Sources */ = {isa = PBXBuildFile; fileRef = F442BD1227275F7600D45A58 /* AppDelegate.swift */; };
		F442BD1527275F7600D45A58 /* SceneDelegate.swift in Sources */ = {isa = PBXBuildFile; fileRef = F442BD1427275F7600D45A58 /* SceneDelegate.swift */; };
		F442BD1727275F7600D45A58 /* ListaCiudadesController.swift in Sources */ = {isa = PBXBuildFile; fileRef = F442BD1627275F7600D45A58 /* ListaCiudadesController.swift */; };
		F442BD1A27275F7600D45A58 /* Main.storyboard in Resources */ = {isa = PBXBuildFile; fileRef = F442BD1827275F7600D45A58 /* Main.storyboard */; };
		F442BD1D27275F7600D45A58 /* Nutricion.xcdatamodeld in Sources */ = {isa = PBXBuildFile; fileRef = F442BD1B27275F7600D45A58 /* Nutricion.xcdatamodeld */; };
		F442BD1F27275F7E00D45A58 /* Assets.xcassets in Resources */ = {isa = PBXBuildFile; fileRef = F442BD1E27275F7E00D45A58 /* Assets.xcassets */; };
		F442BD2227275F7E00D45A58 /* LaunchScreen.storyboard in Resources */ = {isa = PBXBuildFile; fileRef = F442BD2027275F7E00D45A58 /* LaunchScreen.storyboard */; };
		F442BD2D27275F7F00D45A58 /* NutricionTests.swift in Sources */ = {isa = PBXBuildFile; fileRef = F442BD2C27275F7F00D45A58 /* NutricionTests.swift */; };
		F442BD3727275F7F00D45A58 /* NutricionUITests.swift in Sources */ = {isa = PBXBuildFile; fileRef = F442BD3627275F7F00D45A58 /* NutricionUITests.swift */; };
		F442BD3927275F7F00D45A58 /* NutricionUITestsLaunchTests.swift in Sources */ = {isa = PBXBuildFile; fileRef = F442BD3827275F7F00D45A58 /* NutricionUITestsLaunchTests.swift */; };
		F442BD462727725B00D45A58 /* Ciudad.swift in Sources */ = {isa = PBXBuildFile; fileRef = F442BD452727725B00D45A58 /* Ciudad.swift */; };
		F442BD4827277E8C00D45A58 /* CeldaCiudadController.swift in Sources */ = {isa = PBXBuildFile; fileRef = F442BD4727277E8C00D45A58 /* CeldaCiudadController.swift */; };
		F442BD4A2727880900D45A58 /* ListaPacientesController.swift in Sources */ = {isa = PBXBuildFile; fileRef = F442BD492727880900D45A58 /* ListaPacientesController.swift */; };
		F442BD4C27278F3800D45A58 /* Paciente.swift in Sources */ = {isa = PBXBuildFile; fileRef = F442BD4B27278F3800D45A58 /* Paciente.swift */; };
		F442BD4E27279F5600D45A58 /* CeldaPacienteController.swift in Sources */ = {isa = PBXBuildFile; fileRef = F442BD4D27279F5600D45A58 /* CeldaPacienteController.swift */; };
/* End PBXBuildFile section */

/* Begin PBXContainerItemProxy section */
		F442BD2927275F7F00D45A58 /* PBXContainerItemProxy */ = {
			isa = PBXContainerItemProxy;
			containerPortal = F442BD0727275F7600D45A58 /* Project object */;
			proxyType = 1;
			remoteGlobalIDString = F442BD0E27275F7600D45A58;
			remoteInfo = Nutricion;
		};
		F442BD3327275F7F00D45A58 /* PBXContainerItemProxy */ = {
			isa = PBXContainerItemProxy;
			containerPortal = F442BD0727275F7600D45A58 /* Project object */;
			proxyType = 1;
			remoteGlobalIDString = F442BD0E27275F7600D45A58;
			remoteInfo = Nutricion;
		};
/* End PBXContainerItemProxy section */

/* Begin PBXFileReference section */
		F442BD0F27275F7600D45A58 /* Nutricion.app */ = {isa = PBXFileReference; explicitFileType = wrapper.application; includeInIndex = 0; path = Nutricion.app; sourceTree = BUILT_PRODUCTS_DIR; };
		F442BD1227275F7600D45A58 /* AppDelegate.swift */ = {isa = PBXFileReference; lastKnownFileType = sourcecode.swift; path = AppDelegate.swift; sourceTree = "<group>"; };
		F442BD1427275F7600D45A58 /* SceneDelegate.swift */ = {isa = PBXFileReference; lastKnownFileType = sourcecode.swift; path = SceneDelegate.swift; sourceTree = "<group>"; };
		F442BD1627275F7600D45A58 /* ListaCiudadesController.swift */ = {isa = PBXFileReference; lastKnownFileType = sourcecode.swift; path = ListaCiudadesController.swift; sourceTree = "<group>"; };
		F442BD1927275F7600D45A58 /* Base */ = {isa = PBXFileReference; lastKnownFileType = file.storyboard; name = Base; path = Base.lproj/Main.storyboard; sourceTree = "<group>"; };
		F442BD1C27275F7600D45A58 /* Nutricion.xcdatamodel */ = {isa = PBXFileReference; lastKnownFileType = wrapper.xcdatamodel; path = Nutricion.xcdatamodel; sourceTree = "<group>"; };
		F442BD1E27275F7E00D45A58 /* Assets.xcassets */ = {isa = PBXFileReference; lastKnownFileType = folder.assetcatalog; path = Assets.xcassets; sourceTree = "<group>"; };
		F442BD2127275F7E00D45A58 /* Base */ = {isa = PBXFileReference; lastKnownFileType = file.storyboard; name = Base; path = Base.lproj/LaunchScreen.storyboard; sourceTree = "<group>"; };
		F442BD2327275F7E00D45A58 /* Info.plist */ = {isa = PBXFileReference; lastKnownFileType = text.plist.xml; path = Info.plist; sourceTree = "<group>"; };
		F442BD2827275F7F00D45A58 /* NutricionTests.xctest */ = {isa = PBXFileReference; explicitFileType = wrapper.cfbundle; includeInIndex = 0; path = NutricionTests.xctest; sourceTree = BUILT_PRODUCTS_DIR; };
		F442BD2C27275F7F00D45A58 /* NutricionTests.swift */ = {isa = PBXFileReference; lastKnownFileType = sourcecode.swift; path = NutricionTests.swift; sourceTree = "<group>"; };
		F442BD3227275F7F00D45A58 /* NutricionUITests.xctest */ = {isa = PBXFileReference; explicitFileType = wrapper.cfbundle; includeInIndex = 0; path = NutricionUITests.xctest; sourceTree = BUILT_PRODUCTS_DIR; };
		F442BD3627275F7F00D45A58 /* NutricionUITests.swift */ = {isa = PBXFileReference; lastKnownFileType = sourcecode.swift; path = NutricionUITests.swift; sourceTree = "<group>"; };
		F442BD3827275F7F00D45A58 /* NutricionUITestsLaunchTests.swift */ = {isa = PBXFileReference; lastKnownFileType = sourcecode.swift; path = NutricionUITestsLaunchTests.swift; sourceTree = "<group>"; };
		F442BD452727725B00D45A58 /* Ciudad.swift */ = {isa = PBXFileReference; lastKnownFileType = sourcecode.swift; path = Ciudad.swift; sourceTree = "<group>"; };
		F442BD4727277E8C00D45A58 /* CeldaCiudadController.swift */ = {isa = PBXFileReference; lastKnownFileType = sourcecode.swift; path = CeldaCiudadController.swift; sourceTree = "<group>"; };
		F442BD492727880900D45A58 /* ListaPacientesController.swift */ = {isa = PBXFileReference; lastKnownFileType = sourcecode.swift; path = ListaPacientesController.swift; sourceTree = "<group>"; };
		F442BD4B27278F3800D45A58 /* Paciente.swift */ = {isa = PBXFileReference; lastKnownFileType = sourcecode.swift; path = Paciente.swift; sourceTree = "<group>"; };
		F442BD4D27279F5600D45A58 /* CeldaPacienteController.swift */ = {isa = PBXFileReference; lastKnownFileType = sourcecode.swift; path = CeldaPacienteController.swift; sourceTree = "<group>"; };
/* End PBXFileReference section */

/* Begin PBXFrameworksBuildPhase section */
		F442BD0C27275F7600D45A58 /* Frameworks */ = {
			isa = PBXFrameworksBuildPhase;
			buildActionMask = 2147483647;
			files = (
			);
			runOnlyForDeploymentPostprocessing = 0;
		};
		F442BD2527275F7F00D45A58 /* Frameworks */ = {
			isa = PBXFrameworksBuildPhase;
			buildActionMask = 2147483647;
			files = (
			);
			runOnlyForDeploymentPostprocessing = 0;
		};
		F442BD2F27275F7F00D45A58 /* Frameworks */ = {
			isa = PBXFrameworksBuildPhase;
			buildActionMask = 2147483647;
			files = (
			);
			runOnlyForDeploymentPostprocessing = 0;
		};
/* End PBXFrameworksBuildPhase section */

/* Begin PBXGroup section */
		F442BD0627275F7600D45A58 = {
			isa = PBXGroup;
			children = (
				F442BD4D27279F5600D45A58 /* CeldaPacienteController.swift */,
				F442BD4B27278F3800D45A58 /* Paciente.swift */,
				F442BD492727880900D45A58 /* ListaPacientesController.swift */,
				F442BD4727277E8C00D45A58 /* CeldaCiudadController.swift */,
				F442BD452727725B00D45A58 /* Ciudad.swift */,
				F442BD1127275F7600D45A58 /* Nutricion */,
				F442BD2B27275F7F00D45A58 /* NutricionTests */,
				F442BD3527275F7F00D45A58 /* NutricionUITests */,
				F442BD1027275F7600D45A58 /* Products */,
			);
			sourceTree = "<group>";
		};
		F442BD1027275F7600D45A58 /* Products */ = {
			isa = PBXGroup;
			children = (
				F442BD0F27275F7600D45A58 /* Nutricion.app */,
				F442BD2827275F7F00D45A58 /* NutricionTests.xctest */,
				F442BD3227275F7F00D45A58 /* NutricionUITests.xctest */,
			);
			name = Products;
			sourceTree = "<group>";
		};
		F442BD1127275F7600D45A58 /* Nutricion */ = {
			isa = PBXGroup;
			children = (
				F442BD1227275F7600D45A58 /* AppDelegate.swift */,
				F442BD1427275F7600D45A58 /* SceneDelegate.swift */,
				F442BD1627275F7600D45A58 /* ListaCiudadesController.swift */,
				F442BD1827275F7600D45A58 /* Main.storyboard */,
				F442BD1E27275F7E00D45A58 /* Assets.xcassets */,
				F442BD2027275F7E00D45A58 /* LaunchScreen.storyboard */,
				F442BD2327275F7E00D45A58 /* Info.plist */,
				F442BD1B27275F7600D45A58 /* Nutricion.xcdatamodeld */,
			);
			path = Nutricion;
			sourceTree = "<group>";
		};
		F442BD2B27275F7F00D45A58 /* NutricionTests */ = {
			isa = PBXGroup;
			children = (
				F442BD2C27275F7F00D45A58 /* NutricionTests.swift */,
			);
			path = NutricionTests;
			sourceTree = "<group>";
		};
		F442BD3527275F7F00D45A58 /* NutricionUITests */ = {
			isa = PBXGroup;
			children = (
				F442BD3627275F7F00D45A58 /* NutricionUITests.swift */,
				F442BD3827275F7F00D45A58 /* NutricionUITestsLaunchTests.swift */,
			);
			path = NutricionUITests;
			sourceTree = "<group>";
		};
/* End PBXGroup section */

/* Begin PBXNativeTarget section */
		F442BD0E27275F7600D45A58 /* Nutricion */ = {
			isa = PBXNativeTarget;
			buildConfigurationList = F442BD3C27275F7F00D45A58 /* Build configuration list for PBXNativeTarget "Nutricion" */;
			buildPhases = (
				F442BD0B27275F7600D45A58 /* Sources */,
				F442BD0C27275F7600D45A58 /* Frameworks */,
				F442BD0D27275F7600D45A58 /* Resources */,
			);
			buildRules = (
			);
			dependencies = (
			);
			name = Nutricion;
			productName = Nutricion;
			productReference = F442BD0F27275F7600D45A58 /* Nutricion.app */;
			productType = "com.apple.product-type.application";
		};
		F442BD2727275F7F00D45A58 /* NutricionTests */ = {
			isa = PBXNativeTarget;
			buildConfigurationList = F442BD3F27275F7F00D45A58 /* Build configuration list for PBXNativeTarget "NutricionTests" */;
			buildPhases = (
				F442BD2427275F7F00D45A58 /* Sources */,
				F442BD2527275F7F00D45A58 /* Frameworks */,
				F442BD2627275F7F00D45A58 /* Resources */,
			);
			buildRules = (
			);
			dependencies = (
				F442BD2A27275F7F00D45A58 /* PBXTargetDependency */,
			);
			name = NutricionTests;
			productName = NutricionTests;
			productReference = F442BD2827275F7F00D45A58 /* NutricionTests.xctest */;
			productType = "com.apple.product-type.bundle.unit-test";
		};
		F442BD3127275F7F00D45A58 /* NutricionUITests */ = {
			isa = PBXNativeTarget;
			buildConfigurationList = F442BD4227275F7F00D45A58 /* Build configuration list for PBXNativeTarget "NutricionUITests" */;
			buildPhases = (
				F442BD2E27275F7F00D45A58 /* Sources */,
				F442BD2F27275F7F00D45A58 /* Frameworks */,
				F442BD3027275F7F00D45A58 /* Resources */,
			);
			buildRules = (
			);
			dependencies = (
				F442BD3427275F7F00D45A58 /* PBXTargetDependency */,
			);
			name = NutricionUITests;
			productName = NutricionUITests;
			productReference = F442BD3227275F7F00D45A58 /* NutricionUITests.xctest */;
			productType = "com.apple.product-type.bundle.ui-testing";
		};
/* End PBXNativeTarget section */

/* Begin PBXProject section */
		F442BD0727275F7600D45A58 /* Project object */ = {
			isa = PBXProject;
			attributes = {
				BuildIndependentTargetsInParallel = 1;
				LastSwiftUpdateCheck = 1300;
				LastUpgradeCheck = 1300;
				TargetAttributes = {
					F442BD0E27275F7600D45A58 = {
						CreatedOnToolsVersion = 13.0;
					};
					F442BD2727275F7F00D45A58 = {
						CreatedOnToolsVersion = 13.0;
						TestTargetID = F442BD0E27275F7600D45A58;
					};
					F442BD3127275F7F00D45A58 = {
						CreatedOnToolsVersion = 13.0;
						TestTargetID = F442BD0E27275F7600D45A58;
					};
				};
			};
			buildConfigurationList = F442BD0A27275F7600D45A58 /* Build configuration list for PBXProject "Nutricion" */;
			compatibilityVersion = "Xcode 13.0";
			developmentRegion = en;
			hasScannedForEncodings = 0;
			knownRegions = (
				en,
				Base,
			);
			mainGroup = F442BD0627275F7600D45A58;
			productRefGroup = F442BD1027275F7600D45A58 /* Products */;
			projectDirPath = "";
			projectRoot = "";
			targets = (
				F442BD0E27275F7600D45A58 /* Nutricion */,
				F442BD2727275F7F00D45A58 /* NutricionTests */,
				F442BD3127275F7F00D45A58 /* NutricionUITests */,
			);
		};
/* End PBXProject section */

/* Begin PBXResourcesBuildPhase section */
		F442BD0D27275F7600D45A58 /* Resources */ = {
			isa = PBXResourcesBuildPhase;
			buildActionMask = 2147483647;
			files = (
				F442BD2227275F7E00D45A58 /* LaunchScreen.storyboard in Resources */,
				F442BD1F27275F7E00D45A58 /* Assets.xcassets in Resources */,
				F442BD1A27275F7600D45A58 /* Main.storyboard in Resources */,
			);
			runOnlyForDeploymentPostprocessing = 0;
		};
		F442BD2627275F7F00D45A58 /* Resources */ = {
			isa = PBXResourcesBuildPhase;
			buildActionMask = 2147483647;
			files = (
			);
			runOnlyForDeploymentPostprocessing = 0;
		};
		F442BD3027275F7F00D45A58 /* Resources */ = {
			isa = PBXResourcesBuildPhase;
			buildActionMask = 2147483647;
			files = (
			);
			runOnlyForDeploymentPostprocessing = 0;
		};
/* End PBXResourcesBuildPhase section */

/* Begin PBXSourcesBuildPhase section */
		F442BD0B27275F7600D45A58 /* Sources */ = {
			isa = PBXSourcesBuildPhase;
			buildActionMask = 2147483647;
			files = (
				F442BD1727275F7600D45A58 /* ListaCiudadesController.swift in Sources */,
				F442BD4827277E8C00D45A58 /* CeldaCiudadController.swift in Sources */,
				F442BD4C27278F3800D45A58 /* Paciente.swift in Sources */,
				F442BD1D27275F7600D45A58 /* Nutricion.xcdatamodeld in Sources */,
				F442BD462727725B00D45A58 /* Ciudad.swift in Sources */,
				F442BD4A2727880900D45A58 /* ListaPacientesController.swift in Sources */,
				F442BD1327275F7600D45A58 /* AppDelegate.swift in Sources */,
				F442BD1527275F7600D45A58 /* SceneDelegate.swift in Sources */,
				F442BD4E27279F5600D45A58 /* CeldaPacienteController.swift in Sources */,
			);
			runOnlyForDeploymentPostprocessing = 0;
		};
		F442BD2427275F7F00D45A58 /* Sources */ = {
			isa = PBXSourcesBuildPhase;
			buildActionMask = 2147483647;
			files = (
				F442BD2D27275F7F00D45A58 /* NutricionTests.swift in Sources */,
			);
			runOnlyForDeploymentPostprocessing = 0;
		};
		F442BD2E27275F7F00D45A58 /* Sources */ = {
			isa = PBXSourcesBuildPhase;
			buildActionMask = 2147483647;
			files = (
				F442BD3927275F7F00D45A58 /* NutricionUITestsLaunchTests.swift in Sources */,
				F442BD3727275F7F00D45A58 /* NutricionUITests.swift in Sources */,
			);
			runOnlyForDeploymentPostprocessing = 0;
		};
/* End PBXSourcesBuildPhase section */

/* Begin PBXTargetDependency section */
		F442BD2A27275F7F00D45A58 /* PBXTargetDependency */ = {
			isa = PBXTargetDependency;
			target = F442BD0E27275F7600D45A58 /* Nutricion */;
			targetProxy = F442BD2927275F7F00D45A58 /* PBXContainerItemProxy */;
		};
		F442BD3427275F7F00D45A58 /* PBXTargetDependency */ = {
			isa = PBXTargetDependency;
			target = F442BD0E27275F7600D45A58 /* Nutricion */;
			targetProxy = F442BD3327275F7F00D45A58 /* PBXContainerItemProxy */;
		};
/* End PBXTargetDependency section */

/* Begin PBXVariantGroup section */
		F442BD1827275F7600D45A58 /* Main.storyboard */ = {
			isa = PBXVariantGroup;
			children = (
				F442BD1927275F7600D45A58 /* Base */,
			);
			name = Main.storyboard;
			sourceTree = "<group>";
		};
		F442BD2027275F7E00D45A58 /* LaunchScreen.storyboard */ = {
			isa = PBXVariantGroup;
			children = (
				F442BD2127275F7E00D45A58 /* Base */,
			);
			name = LaunchScreen.storyboard;
			sourceTree = "<group>";
		};
/* End PBXVariantGroup section */

/* Begin XCBuildConfiguration section */
		F442BD3A27275F7F00D45A58 /* Debug */ = {
			isa = XCBuildConfiguration;
			buildSettings = {
				ALWAYS_SEARCH_USER_PATHS = NO;
				CLANG_ANALYZER_NONNULL = YES;
				CLANG_ANALYZER_NUMBER_OBJECT_CONVERSION = YES_AGGRESSIVE;
				CLANG_CXX_LANGUAGE_STANDARD = "gnu++17";
				CLANG_CXX_LIBRARY = "libc++";
				CLANG_ENABLE_MODULES = YES;
				CLANG_ENABLE_OBJC_ARC = YES;
				CLANG_ENABLE_OBJC_WEAK = YES;
				CLANG_WARN_BLOCK_CAPTURE_AUTORELEASING = YES;
				CLANG_WARN_BOOL_CONVERSION = YES;
				CLANG_WARN_COMMA = YES;
				CLANG_WARN_CONSTANT_CONVERSION = YES;
				CLANG_WARN_DEPRECATED_OBJC_IMPLEMENTATIONS = YES;
				CLANG_WARN_DIRECT_OBJC_ISA_USAGE = YES_ERROR;
				CLANG_WARN_DOCUMENTATION_COMMENTS = YES;
				CLANG_WARN_EMPTY_BODY = YES;
				CLANG_WARN_ENUM_CONVERSION = YES;
				CLANG_WARN_INFINITE_RECURSION = YES;
				CLANG_WARN_INT_CONVERSION = YES;
				CLANG_WARN_NON_LITERAL_NULL_CONVERSION = YES;
				CLANG_WARN_OBJC_IMPLICIT_RETAIN_SELF = YES;
				CLANG_WARN_OBJC_LITERAL_CONVERSION = YES;
				CLANG_WARN_OBJC_ROOT_CLASS = YES_ERROR;
				CLANG_WARN_QUOTED_INCLUDE_IN_FRAMEWORK_HEADER = YES;
				CLANG_WARN_RANGE_LOOP_ANALYSIS = YES;
				CLANG_WARN_STRICT_PROTOTYPES = YES;
				CLANG_WARN_SUSPICIOUS_MOVE = YES;
				CLANG_WARN_UNGUARDED_AVAILABILITY = YES_AGGRESSIVE;
				CLANG_WARN_UNREACHABLE_CODE = YES;
				CLANG_WARN__DUPLICATE_METHOD_MATCH = YES;
				COPY_PHASE_STRIP = NO;
				DEBUG_INFORMATION_FORMAT = dwarf;
				ENABLE_STRICT_OBJC_MSGSEND = YES;
				ENABLE_TESTABILITY = YES;
				GCC_C_LANGUAGE_STANDARD = gnu11;
				GCC_DYNAMIC_NO_PIC = NO;
				GCC_NO_COMMON_BLOCKS = YES;
				GCC_OPTIMIZATION_LEVEL = 0;
				GCC_PREPROCESSOR_DEFINITIONS = (
					"DEBUG=1",
					"$(inherited)",
				);
				GCC_WARN_64_TO_32_BIT_CONVERSION = YES;
				GCC_WARN_ABOUT_RETURN_TYPE = YES_ERROR;
				GCC_WARN_UNDECLARED_SELECTOR = YES;
				GCC_WARN_UNINITIALIZED_AUTOS = YES_AGGRESSIVE;
				GCC_WARN_UNUSED_FUNCTION = YES;
				GCC_WARN_UNUSED_VARIABLE = YES;
				IPHONEOS_DEPLOYMENT_TARGET = 15.0;
				MTL_ENABLE_DEBUG_INFO = INCLUDE_SOURCE;
				MTL_FAST_MATH = YES;
				ONLY_ACTIVE_ARCH = YES;
				SDKROOT = iphoneos;
				SWIFT_ACTIVE_COMPILATION_CONDITIONS = DEBUG;
				SWIFT_OPTIMIZATION_LEVEL = "-Onone";
			};
			name = Debug;
		};
		F442BD3B27275F7F00D45A58 /* Release */ = {
			isa = XCBuildConfiguration;
			buildSettings = {
				ALWAYS_SEARCH_USER_PATHS = NO;
				CLANG_ANALYZER_NONNULL = YES;
				CLANG_ANALYZER_NUMBER_OBJECT_CONVERSION = YES_AGGRESSIVE;
				CLANG_CXX_LANGUAGE_STANDARD = "gnu++17";
				CLANG_CXX_LIBRARY = "libc++";
				CLANG_ENABLE_MODULES = YES;
				CLANG_ENABLE_OBJC_ARC = YES;
				CLANG_ENABLE_OBJC_WEAK = YES;
				CLANG_WARN_BLOCK_CAPTURE_AUTORELEASING = YES;
				CLANG_WARN_BOOL_CONVERSION = YES;
				CLANG_WARN_COMMA = YES;
				CLANG_WARN_CONSTANT_CONVERSION = YES;
				CLANG_WARN_DEPRECATED_OBJC_IMPLEMENTATIONS = YES;
				CLANG_WARN_DIRECT_OBJC_ISA_USAGE = YES_ERROR;
				CLANG_WARN_DOCUMENTATION_COMMENTS = YES;
				CLANG_WARN_EMPTY_BODY = YES;
				CLANG_WARN_ENUM_CONVERSION = YES;
				CLANG_WARN_INFINITE_RECURSION = YES;
				CLANG_WARN_INT_CONVERSION = YES;
				CLANG_WARN_NON_LITERAL_NULL_CONVERSION = YES;
				CLANG_WARN_OBJC_IMPLICIT_RETAIN_SELF = YES;
				CLANG_WARN_OBJC_LITERAL_CONVERSION = YES;
				CLANG_WARN_OBJC_ROOT_CLASS = YES_ERROR;
				CLANG_WARN_QUOTED_INCLUDE_IN_FRAMEWORK_HEADER = YES;
				CLANG_WARN_RANGE_LOOP_ANALYSIS = YES;
				CLANG_WARN_STRICT_PROTOTYPES = YES;
				CLANG_WARN_SUSPICIOUS_MOVE = YES;
				CLANG_WARN_UNGUARDED_AVAILABILITY = YES_AGGRESSIVE;
				CLANG_WARN_UNREACHABLE_CODE = YES;
				CLANG_WARN__DUPLICATE_METHOD_MATCH = YES;
				COPY_PHASE_STRIP = NO;
				DEBUG_INFORMATION_FORMAT = "dwarf-with-dsym";
				ENABLE_NS_ASSERTIONS = NO;
				ENABLE_STRICT_OBJC_MSGSEND = YES;
				GCC_C_LANGUAGE_STANDARD = gnu11;
				GCC_NO_COMMON_BLOCKS = YES;
				GCC_WARN_64_TO_32_BIT_CONVERSION = YES;
				GCC_WARN_ABOUT_RETURN_TYPE = YES_ERROR;
				GCC_WARN_UNDECLARED_SELECTOR = YES;
				GCC_WARN_UNINITIALIZED_AUTOS = YES_AGGRESSIVE;
				GCC_WARN_UNUSED_FUNCTION = YES;
				GCC_WARN_UNUSED_VARIABLE = YES;
				IPHONEOS_DEPLOYMENT_TARGET = 15.0;
				MTL_ENABLE_DEBUG_INFO = NO;
				MTL_FAST_MATH = YES;
				SDKROOT = iphoneos;
				SWIFT_COMPILATION_MODE = wholemodule;
				SWIFT_OPTIMIZATION_LEVEL = "-O";
				VALIDATE_PRODUCT = YES;
			};
			name = Release;
		};
		F442BD3D27275F7F00D45A58 /* Debug */ = {
			isa = XCBuildConfiguration;
			buildSettings = {
				ASSETCATALOG_COMPILER_APPICON_NAME = AppIcon;
				ASSETCATALOG_COMPILER_GLOBAL_ACCENT_COLOR_NAME = AccentColor;
				CODE_SIGN_STYLE = Automatic;
				CURRENT_PROJECT_VERSION = 1;
				GENERATE_INFOPLIST_FILE = YES;
				INFOPLIST_FILE = Nutricion/Info.plist;
				INFOPLIST_KEY_UIApplicationSupportsIndirectInputEvents = YES;
				INFOPLIST_KEY_UILaunchStoryboardName = LaunchScreen;
				INFOPLIST_KEY_UIMainStoryboardFile = Main;
				INFOPLIST_KEY_UISupportedInterfaceOrientations_iPad = "UIInterfaceOrientationPortrait UIInterfaceOrientationPortraitUpsideDown UIInterfaceOrientationLandscapeLeft UIInterfaceOrientationLandscapeRight";
				INFOPLIST_KEY_UISupportedInterfaceOrientations_iPhone = "UIInterfaceOrientationPortrait UIInterfaceOrientationLandscapeLeft UIInterfaceOrientationLandscapeRight";
				LD_RUNPATH_SEARCH_PATHS = (
					"$(inherited)",
					"@executable_path/Frameworks",
				);
				MARKETING_VERSION = 1.0;
				PRODUCT_BUNDLE_IDENTIFIER = Alumno.Nutricion;
				PRODUCT_NAME = "$(TARGET_NAME)";
				SWIFT_EMIT_LOC_STRINGS = YES;
				SWIFT_VERSION = 5.0;
				TARGETED_DEVICE_FAMILY = "1,2";
			};
			name = Debug;
		};
		F442BD3E27275F7F00D45A58 /* Release */ = {
			isa = XCBuildConfiguration;
			buildSettings = {
				ASSETCATALOG_COMPILER_APPICON_NAME = AppIcon;
				ASSETCATALOG_COMPILER_GLOBAL_ACCENT_COLOR_NAME = AccentColor;
				CODE_SIGN_STYLE = Automatic;
				CURRENT_PROJECT_VERSION = 1;
				GENERATE_INFOPLIST_FILE = YES;
				INFOPLIST_FILE = Nutricion/Info.plist;
				INFOPLIST_KEY_UIApplicationSupportsIndirectInputEvents = YES;
				INFOPLIST_KEY_UILaunchStoryboardName = LaunchScreen;
				INFOPLIST_KEY_UIMainStoryboardFile = Main;
				INFOPLIST_KEY_UISupportedInterfaceOrientations_iPad = "UIInterfaceOrientationPortrait UIInterfaceOrientationPortraitUpsideDown UIInterfaceOrientationLandscapeLeft UIInterfaceOrientationLandscapeRight";
				INFOPLIST_KEY_UISupportedInterfaceOrientations_iPhone = "UIInterfaceOrientationPortrait UIInterfaceOrientationLandscapeLeft UIInterfaceOrientationLandscapeRight";
				LD_RUNPATH_SEARCH_PATHS = (
					"$(inherited)",
					"@executable_path/Frameworks",
				);
				MARKETING_VERSION = 1.0;
				PRODUCT_BUNDLE_IDENTIFIER = Alumno.Nutricion;
				PRODUCT_NAME = "$(TARGET_NAME)";
				SWIFT_EMIT_LOC_STRINGS = YES;
				SWIFT_VERSION = 5.0;
				TARGETED_DEVICE_FAMILY = "1,2";
			};
			name = Release;
		};
		F442BD4027275F7F00D45A58 /* Debug */ = {
			isa = XCBuildConfiguration;
			buildSettings = {
				ALWAYS_EMBED_SWIFT_STANDARD_LIBRARIES = YES;
				BUNDLE_LOADER = "$(TEST_HOST)";
				CODE_SIGN_STYLE = Automatic;
				CURRENT_PROJECT_VERSION = 1;
				GENERATE_INFOPLIST_FILE = YES;
				IPHONEOS_DEPLOYMENT_TARGET = 15.0;
				LD_RUNPATH_SEARCH_PATHS = (
					"$(inherited)",
					"@executable_path/Frameworks",
					"@loader_path/Frameworks",
				);
				MARKETING_VERSION = 1.0;
				PRODUCT_BUNDLE_IDENTIFIER = Alumno.NutricionTests;
				PRODUCT_NAME = "$(TARGET_NAME)";
				SWIFT_EMIT_LOC_STRINGS = NO;
				SWIFT_VERSION = 5.0;
				TARGETED_DEVICE_FAMILY = "1,2";
				TEST_HOST = "$(BUILT_PRODUCTS_DIR)/Nutricion.app/Nutricion";
			};
			name = Debug;
		};
		F442BD4127275F7F00D45A58 /* Release */ = {
			isa = XCBuildConfiguration;
			buildSettings = {
				ALWAYS_EMBED_SWIFT_STANDARD_LIBRARIES = YES;
				BUNDLE_LOADER = "$(TEST_HOST)";
				CODE_SIGN_STYLE = Automatic;
				CURRENT_PROJECT_VERSION = 1;
				GENERATE_INFOPLIST_FILE = YES;
				IPHONEOS_DEPLOYMENT_TARGET = 15.0;
				LD_RUNPATH_SEARCH_PATHS = (
					"$(inherited)",
					"@executable_path/Frameworks",
					"@loader_path/Frameworks",
				);
				MARKETING_VERSION = 1.0;
				PRODUCT_BUNDLE_IDENTIFIER = Alumno.NutricionTests;
				PRODUCT_NAME = "$(TARGET_NAME)";
				SWIFT_EMIT_LOC_STRINGS = NO;
				SWIFT_VERSION = 5.0;
				TARGETED_DEVICE_FAMILY = "1,2";
				TEST_HOST = "$(BUILT_PRODUCTS_DIR)/Nutricion.app/Nutricion";
			};
			name = Release;
		};
		F442BD4327275F7F00D45A58 /* Debug */ = {
			isa = XCBuildConfiguration;
			buildSettings = {
				ALWAYS_EMBED_SWIFT_STANDARD_LIBRARIES = YES;
				CODE_SIGN_STYLE = Automatic;
				CURRENT_PROJECT_VERSION = 1;
				GENERATE_INFOPLIST_FILE = YES;
				LD_RUNPATH_SEARCH_PATHS = (
					"$(inherited)",
					"@executable_path/Frameworks",
					"@loader_path/Frameworks",
				);
				MARKETING_VERSION = 1.0;
				PRODUCT_BUNDLE_IDENTIFIER = Alumno.NutricionUITests;
				PRODUCT_NAME = "$(TARGET_NAME)";
				SWIFT_EMIT_LOC_STRINGS = NO;
				SWIFT_VERSION = 5.0;
				TARGETED_DEVICE_FAMILY = "1,2";
				TEST_TARGET_NAME = Nutricion;
			};
			name = Debug;
		};
		F442BD4427275F7F00D45A58 /* Release */ = {
			isa = XCBuildConfiguration;
			buildSettings = {
				ALWAYS_EMBED_SWIFT_STANDARD_LIBRARIES = YES;
				CODE_SIGN_STYLE = Automatic;
				CURRENT_PROJECT_VERSION = 1;
				GENERATE_INFOPLIST_FILE = YES;
				LD_RUNPATH_SEARCH_PATHS = (
					"$(inherited)",
					"@executable_path/Frameworks",
					"@loader_path/Frameworks",
				);
				MARKETING_VERSION = 1.0;
				PRODUCT_BUNDLE_IDENTIFIER = Alumno.NutricionUITests;
				PRODUCT_NAME = "$(TARGET_NAME)";
				SWIFT_EMIT_LOC_STRINGS = NO;
				SWIFT_VERSION = 5.0;
				TARGETED_DEVICE_FAMILY = "1,2";
				TEST_TARGET_NAME = Nutricion;
			};
			name = Release;
		};
/* End XCBuildConfiguration section */

/* Begin XCConfigurationList section */
		F442BD0A27275F7600D45A58 /* Build configuration list for PBXProject "Nutricion" */ = {
			isa = XCConfigurationList;
			buildConfigurations = (
				F442BD3A27275F7F00D45A58 /* Debug */,
				F442BD3B27275F7F00D45A58 /* Release */,
			);
			defaultConfigurationIsVisible = 0;
			defaultConfigurationName = Release;
		};
		F442BD3C27275F7F00D45A58 /* Build configuration list for PBXNativeTarget "Nutricion" */ = {
			isa = XCConfigurationList;
			buildConfigurations = (
				F442BD3D27275F7F00D45A58 /* Debug */,
				F442BD3E27275F7F00D45A58 /* Release */,
			);
			defaultConfigurationIsVisible = 0;
			defaultConfigurationName = Release;
		};
		F442BD3F27275F7F00D45A58 /* Build configuration list for PBXNativeTarget "NutricionTests" */ = {
			isa = XCConfigurationList;
			buildConfigurations = (
				F442BD4027275F7F00D45A58 /* Debug */,
				F442BD4127275F7F00D45A58 /* Release */,
			);
			defaultConfigurationIsVisible = 0;
			defaultConfigurationName = Release;
		};
		F442BD4227275F7F00D45A58 /* Build configuration list for PBXNativeTarget "NutricionUITests" */ = {
			isa = XCConfigurationList;
			buildConfigurations = (
				F442BD4327275F7F00D45A58 /* Debug */,
				F442BD4427275F7F00D45A58 /* Release */,
			);
			defaultConfigurationIsVisible = 0;
			defaultConfigurationName = Release;
		};
/* End XCConfigurationList section */

/* Begin XCVersionGroup section */
		F442BD1B27275F7600D45A58 /* Nutricion.xcdatamodeld */ = {
			isa = XCVersionGroup;
			children = (
				F442BD1C27275F7600D45A58 /* Nutricion.xcdatamodel */,
			);
			currentVersion = F442BD1C27275F7600D45A58 /* Nutricion.xcdatamodel */;
			path = Nutricion.xcdatamodeld;
			sourceTree = "<group>";
			versionGroupType = wrapper.xcdatamodel;
		};
/* End XCVersionGroup section */
	};
	rootObject = F442BD0727275F7600D45A58 /* Project object */;
}
